version = 1
revision = 3
requires-python = "==3.9.*"

[[package]]
name = "colorama"
version = "0.4.6"
source = { registry = "https://pypi.org/simple" }
sdist = { url = "https://files.pythonhosted.org/packages/d8/53/6f443c9a4a8358a93a6792e2acffb9d9d5cb0a5cfd8802644b7b1c9a02e4/colorama-0.4.6.tar.gz", hash = "sha256:08695f5cb7ed6e0531a20572697297273c47b8cae5a63ffc6d6ed5c201be6e44", size = 27697, upload-time = "2022-10-25T02:36:22.414Z" }
wheels = [
    { url = "https://files.pythonhosted.org/packages/d1/d6/3965ed04c63042e047cb6a3e6ed1a63a35087b6a609aa3a15ed8ac56c221/colorama-0.4.6-py2.py3-none-any.whl", hash = "sha256:4f1d9991f5acc0ca119f9d443620b77f9d6b33703e51011c16baf57afb285fc6", size = 25335, upload-time = "2022-10-25T02:36:20.889Z" },
]

[[package]]
name = "docopt"
version = "0.6.2"
source = { registry = "https://pypi.org/simple" }
sdist = { url = "https://files.pythonhosted.org/packages/a2/55/8f8cab2afd404cf578136ef2cc5dfb50baa1761b68c9da1fb1e4eed343c9/docopt-0.6.2.tar.gz", hash = "sha256:49b3a825280bd66b3aa83585ef59c4a8c82f2c8a522dbe754a8bc8d08c85c491", size = 25901, upload-time = "2014-06-16T11:18:57.406Z" }

[[package]]
name = "numpy"
version = "1.26.4"
source = { registry = "https://pypi.org/simple" }
sdist = { url = "https://files.pythonhosted.org/packages/65/6e/09db70a523a96d25e115e71cc56a6f9031e7b8cd166c1ac8438307c14058/numpy-1.26.4.tar.gz", hash = "sha256:2a02aba9ed12e4ac4eb3ea9421c420301a0c6460d9830d74a9df87efa4912010", size = 15786129, upload-time = "2024-02-06T00:26:44.495Z" }
wheels = [
    { url = "https://files.pythonhosted.org/packages/7d/24/ce71dc08f06534269f66e73c04f5709ee024a1afe92a7b6e1d73f158e1f8/numpy-1.26.4-cp39-cp39-macosx_10_9_x86_64.whl", hash = "sha256:7349ab0fa0c429c82442a27a9673fc802ffdb7c7775fad780226cb234965e53c", size = 20636301, upload-time = "2024-02-05T23:59:10.976Z" },
    { url = "https://files.pythonhosted.org/packages/ae/8c/ab03a7c25741f9ebc92684a20125fbc9fc1b8e1e700beb9197d750fdff88/numpy-1.26.4-cp39-cp39-macosx_11_0_arm64.whl", hash = "sha256:52b8b60467cd7dd1e9ed082188b4e6bb35aa5cdd01777621a1658910745b90be", size = 13971216, upload-time = "2024-02-05T23:59:35.472Z" },
    { url = "https://files.pythonhosted.org/packages/6d/64/c3bcdf822269421d85fe0d64ba972003f9bb4aa9a419da64b86856c9961f/numpy-1.26.4-cp39-cp39-manylinux_2_17_aarch64.manylinux2014_aarch64.whl", hash = "sha256:d5241e0a80d808d70546c697135da2c613f30e28251ff8307eb72ba696945764", size = 14226281, upload-time = "2024-02-05T23:59:59.372Z" },
    { url = "https://files.pythonhosted.org/packages/54/30/c2a907b9443cf42b90c17ad10c1e8fa801975f01cb9764f3f8eb8aea638b/numpy-1.26.4-cp39-cp39-manylinux_2_17_x86_64.manylinux2014_x86_64.whl", hash = "sha256:f870204a840a60da0b12273ef34f7051e98c3b5961b61b0c2c1be6dfd64fbcd3", size = 18249516, upload-time = "2024-02-06T00:00:32.79Z" },
    { url = "https://files.pythonhosted.org/packages/43/12/01a563fc44c07095996d0129b8899daf89e4742146f7044cdbdb3101c57f/numpy-1.26.4-cp39-cp39-musllinux_1_1_aarch64.whl", hash = "sha256:679b0076f67ecc0138fd2ede3a8fd196dddc2ad3254069bcb9faf9a79b1cebcd", size = 13882132, upload-time = "2024-02-06T00:00:58.197Z" },
    { url = "https://files.pythonhosted.org/packages/16/ee/9df80b06680aaa23fc6c31211387e0db349e0e36d6a63ba3bd78c5acdf11/numpy-1.26.4-cp39-cp39-musllinux_1_1_x86_64.whl", hash = "sha256:47711010ad8555514b434df65f7d7b076bb8261df1ca9bb78f53d3b2db02e95c", size = 18084181, upload-time = "2024-02-06T00:01:31.21Z" },
    { url = "https://files.pythonhosted.org/packages/28/7d/4b92e2fe20b214ffca36107f1a3e75ef4c488430e64de2d9af5db3a4637d/numpy-1.26.4-cp39-cp39-win32.whl", hash = "sha256:a354325ee03388678242a4d7ebcd08b5c727033fcff3b2f536aea978e15ee9e6", size = 5976360, upload-time = "2024-02-06T00:01:43.013Z" },
    { url = "https://files.pythonhosted.org/packages/b5/42/054082bd8220bbf6f297f982f0a8f5479fcbc55c8b511d928df07b965869/numpy-1.26.4-cp39-cp39-win_amd64.whl", hash = "sha256:3373d5d70a5fe74a2c1bb6d2cfd9609ecf686d47a2d7b1d37a8f3b6bf6003aea", size = 15814633, upload-time = "2024-02-06T00:02:16.694Z" },
    { url = "https://files.pythonhosted.org/packages/3f/72/3df6c1c06fc83d9cfe381cccb4be2532bbd38bf93fbc9fad087b6687f1c0/numpy-1.26.4-pp39-pypy39_pp73-macosx_10_9_x86_64.whl", hash = "sha256:afedb719a9dcfc7eaf2287b839d8198e06dcd4cb5d276a3df279231138e83d30", size = 20455961, upload-time = "2024-02-06T00:03:05.993Z" },
    { url = "https://files.pythonhosted.org/packages/8e/02/570545bac308b58ffb21adda0f4e220ba716fb658a63c151daecc3293350/numpy-1.26.4-pp39-pypy39_pp73-manylinux_2_17_x86_64.manylinux2014_x86_64.whl", hash = "sha256:95a7476c59002f2f6c590b9b7b998306fba6a5aa646b1e22ddfeaf8f78c3a29c", size = 18061071, upload-time = "2024-02-06T00:03:41.5Z" },
    { url = "https://files.pythonhosted.org/packages/f4/5f/fafd8c51235f60d49f7a88e2275e13971e90555b67da52dd6416caec32fe/numpy-1.26.4-pp39-pypy39_pp73-win_amd64.whl", hash = "sha256:7e50d0a0cc3189f9cb0aeb3a6a6af18c16f59f004b866cd2be1c14b36134a4a0", size = 15709730, upload-time = "2024-02-06T00:04:11.719Z" },
]

[[package]]
name = "pandas"
version = "2.3.3"
source = { registry = "https://pypi.org/simple" }
dependencies = [
    { name = "numpy" },
    { name = "python-dateutil" },
    { name = "pytz" },
    { name = "tzdata" },
]
sdist = { url = "https://files.pythonhosted.org/packages/33/01/d40b85317f86cf08d853a4f495195c73815fdf205eef3993821720274518/pandas-2.3.3.tar.gz", hash = "sha256:e05e1af93b977f7eafa636d043f9f94c7ee3ac81af99c13508215942e64c993b", size = 4495223, upload-time = "2025-09-29T23:34:51.853Z" }
wheels = [
    { url = "https://files.pythonhosted.org/packages/56/b4/52eeb530a99e2a4c55ffcd352772b599ed4473a0f892d127f4147cf0f88e/pandas-2.3.3-cp39-cp39-macosx_10_9_x86_64.whl", hash = "sha256:c503ba5216814e295f40711470446bc3fd00f0faea8a086cbc688808e26f92a2", size = 11567720, upload-time = "2025-09-29T23:33:06.209Z" },
    { url = "https://files.pythonhosted.org/packages/48/4a/2d8b67632a021bced649ba940455ed441ca854e57d6e7658a6024587b083/pandas-2.3.3-cp39-cp39-macosx_11_0_arm64.whl", hash = "sha256:a637c5cdfa04b6d6e2ecedcb81fc52ffb0fd78ce2ebccc9ea964df9f658de8c8", size = 10810302, upload-time = "2025-09-29T23:33:35.846Z" },
    { url = "https://files.pythonhosted.org/packages/13/e6/d2465010ee0569a245c975dc6967b801887068bc893e908239b1f4b6c1ac/pandas-2.3.3-cp39-cp39-manylinux_2_24_aarch64.manylinux_2_28_aarch64.whl", hash = "sha256:854d00d556406bffe66a4c0802f334c9ad5a96b4f1f868adf036a21b11ef13ff", size = 12154874, upload-time = "2025-09-29T23:33:49.939Z" },
    { url = "https://files.pythonhosted.org/packages/1f/18/aae8c0aa69a386a3255940e9317f793808ea79d0a525a97a903366bb2569/pandas-2.3.3-cp39-cp39-manylinux_2_24_x86_64.manylinux_2_28_x86_64.whl", hash = "sha256:bf1f8a81d04ca90e32a0aceb819d34dbd378a98bf923b6398b9a3ec0bf44de29", size = 12790141, upload-time = "2025-09-29T23:34:05.655Z" },
    { url = "https://files.pythonhosted.org/packages/f7/26/617f98de789de00c2a444fbe6301bb19e66556ac78cff933d2c98f62f2b4/pandas-2.3.3-cp39-cp39-musllinux_1_2_aarch64.whl", hash = "sha256:23ebd657a4d38268c7dfbdf089fbc31ea709d82e4923c5ffd4fbd5747133ce73", size = 13208697, upload-time = "2025-09-29T23:34:21.835Z" },
    { url = "https://files.pythonhosted.org/packages/b9/fb/25709afa4552042bd0e15717c75e9b4a2294c3dc4f7e6ea50f03c5136600/pandas-2.3.3-cp39-cp39-musllinux_1_2_x86_64.whl", hash = "sha256:5554c929ccc317d41a5e3d1234f3be588248e61f08a74dd17c9eabb535777dc9", size = 13879233, upload-time = "2025-09-29T23:34:35.079Z" },
    { url = "https://files.pythonhosted.org/packages/98/af/7be05277859a7bc399da8ba68b88c96b27b48740b6cf49688899c6eb4176/pandas-2.3.3-cp39-cp39-win_amd64.whl", hash = "sha256:d3e28b3e83862ccf4d85ff19cf8c20b2ae7e503881711ff2d534dc8f761131aa", size = 11359119, upload-time = "2025-09-29T23:34:46.339Z" },
]

[[package]]
name = "pykwalify"
version = "1.8.0"
source = { registry = "https://pypi.org/simple" }
dependencies = [
    { name = "docopt" },
    { name = "python-dateutil" },
    { name = "ruamel-yaml" },
]
sdist = { url = "https://files.pythonhosted.org/packages/d5/77/2d6849510dbfce5f74f1f69768763630ad0385ad7bb0a4f39b55de3920c7/pykwalify-1.8.0.tar.gz", hash = "sha256:796b2ad3ed4cb99b88308b533fb2f559c30fa6efb4fa9fda11347f483d245884", size = 62462, upload-time = "2020-12-30T22:31:10.745Z" }
wheels = [
    { url = "https://files.pythonhosted.org/packages/1f/fd/ac2161cce19fd67a18c269073f8e86292b5511acec6f8ef6eab88615d032/pykwalify-1.8.0-py2.py3-none-any.whl", hash = "sha256:731dfa87338cca9f559d1fca2bdea37299116e3139b73f78ca90a543722d6651", size = 24860, upload-time = "2020-12-30T22:31:09.09Z" },
]

[[package]]
name = "pyradiomics"
version = "3.1.0"
source = { registry = "https://pypi.org/simple" }
dependencies = [
    { name = "numpy" },
    { name = "pykwalify" },
    { name = "pywavelets" },
    { name = "simpleitk" },
    { name = "six" },
]
sdist = { url = "https://files.pythonhosted.org/packages/03/c1/20fc2c50ab1e3304da36d866042a1905a2b05a1431ece35448ab6b4578f2/pyradiomics-3.1.0.tar.gz", hash = "sha256:24722c962a6bbd09bc39c1c67dbffe92435f9692a421fabaae8a6b4511eb48e4", size = 34461233, upload-time = "2023-05-18T15:00:44.491Z" }
wheels = [
    { url = "https://files.pythonhosted.org/packages/d0/09/80f28d9dd26e6952d779f2fff6fc37a61a6f5bbfcfc7bd96864a7b84fa9f/pyradiomics-3.1.0-cp39-cp39-macosx_11_0_x86_64.whl", hash = "sha256:8552b9cfa77502ff071d7cb8a1aa3388d23abbce5ea0819864128469c9139a1e", size = 116620, upload-time = "2023-05-18T15:56:50.279Z" },
    { url = "https://files.pythonhosted.org/packages/93/37/a1a66918ee9f8f1e8339a9a203317d20e478ecb11f5a350e31ab7a318a04/pyradiomics-3.1.0-cp39-cp39-manylinux1_x86_64.whl", hash = "sha256:2975209dbbed49e7fad241db0cfc15d1ba5fadb85b612410bee55ed3fefde2f1", size = 177904, upload-time = "2023-05-18T15:20:04.962Z" },
    { url = "https://files.pythonhosted.org/packages/0c/42/9bcefd036d0170295df6a545433548917c71687e029bae9d87e8a720432d/pyradiomics-3.1.0-cp39-cp39-win_amd64.whl", hash = "sha256:1411f19206a844404110e31c9a211b0e10ae6e32b04153747c7c139fa466fcec", size = 122979, upload-time = "2023-05-17T12:08:39.578Z" },
]

[[package]]
name = "python-dateutil"
version = "2.9.0.post0"
source = { registry = "https://pypi.org/simple" }
dependencies = [
    { name = "six" },
]
sdist = { url = "https://files.pythonhosted.org/packages/66/c0/0c8b6ad9f17a802ee498c46e004a0eb49bc148f2fd230864601a86dcf6db/python-dateutil-2.9.0.post0.tar.gz", hash = "sha256:37dd54208da7e1cd875388217d5e00ebd4179249f90fb72437e91a35459a0ad3", size = 342432, upload-time = "2024-03-01T18:36:20.211Z" }
wheels = [
    { url = "https://files.pythonhosted.org/packages/ec/57/56b9bcc3c9c6a792fcbaf139543cee77261f3651ca9da0c93f5c1221264b/python_dateutil-2.9.0.post0-py2.py3-none-any.whl", hash = "sha256:a8b2bc7bffae282281c8140a97d3aa9c14da0b136dfe83f850eea9a5f7470427", size = 229892, upload-time = "2024-03-01T18:36:18.57Z" },
]

[[package]]
name = "pytz"
version = "2026.2"
source = { registry = "https://pypi.org/simple" }
sdist = { url = "https://files.pythonhosted.org/packages/ff/46/dd499ec9038423421951e4fad73051febaa13d2df82b4064f87af8b8c0c3/pytz-2026.2.tar.gz", hash = "sha256:0e60b47b29f21574376f218fe21abc009894a2321ea16c6754f3cad6eb7cdd6a", size = 320861, upload-time = "2026-05-04T01:35:29.667Z" }
wheels = [
    { url = "https://files.pythonhosted.org/packages/ec/dd/96da98f892250475bdf2328112d7468abdd4acc7b902b6af23f4ed958ea0/pytz-2026.2-py2.py3-none-any.whl", hash = "sha256:04156e608bee23d3792fd45c94ae47fae1036688e75032eea2e3bf0323d1f126", size = 510141, upload-time = "2026-05-04T01:35:27.408Z" },
]

[[package]]
name = "pywavelets"
version = "1.6.0"
source = { registry = "https://pypi.org/simple" }
dependencies = [
    { name = "numpy" },
]
sdist = { url = "https://files.pythonhosted.org/packages/96/9b/f124c8a8d1a69258a4d4d5cbb30a58dc059f836494cd3f067f419705bc72/pywavelets-1.6.0.tar.gz", hash = "sha256:ea027c70977122c5fc27b2510f0a0d9528f9c3df6ea3e4c577ca55fd00325a5b", size = 3939946, upload-time = "2024-04-01T18:09:21.114Z" }
wheels = [
    { url = "https://files.pythonhosted.org/packages/26/68/e1453bd31c7c942e6ffcc0c71e7df488f36dfc16f8effef1f331a2e3c373/pywavelets-1.6.0-cp39-cp39-macosx_10_9_x86_64.whl", hash = "sha256:627df378e63e9c789b6f2e7060cb4264ebae6f6b0efc1da287a2c060de454a1f", size = 4363690, upload-time = "2024-04-01T18:09:05.255Z" },
    { url = "https://files.pythonhosted.org/packages/02/c5/a225bfdf5532dfe4fbc823f1bb038949a4e7cd9d43a3ad23fe84cd365b98/pywavelets-1.6.0-cp39-cp39-macosx_11_0_arm64.whl", hash = "sha256:a413b51dc19e05243fe0b0864a8e8a16b5ca9bf2e4713da00a95b1b5747a5367", size = 4327278, upload-time = "2024-04-01T18:09:07.013Z" },
    { url = "https://files.pythonhosted.org/packages/0a/51/981d04e4c9b66565e0a2a1f394572f67bedeadaff9bf9282ef9b711d31b1/pywavelets-1.6.0-cp39-cp39-manylinux_2_17_aarch64.manylinux2014_aarch64.whl", hash = "sha256:be615c6c1873e189c265d4a76d1751ec49b17e29725e6dd2e9c74f1868f590b7", size = 4449088, upload-time = "2024-04-01T18:09:09.054Z" },
    { url = "https://files.pythonhosted.org/packages/82/ac/2430589380ab236891481c2261b2743010927db10437cffe0329de342ffd/pywavelets-1.6.0-cp39-cp39-manylinux_2_17_x86_64.manylinux2014_x86_64.whl", hash = "sha256:4021ef69ec9f3862f66580fc4417be728bd78722914394594b48212fd1fcaf21", size = 4528220, upload-time = "2024-04-01T18:09:11.145Z" },
    { url = "https://files.pythonhosted.org/packages/70/5a/32ecb4a8b43745fbda380aafbcb0da51640aacf96c7f3cf4ab890d22f193/pywavelets-1.6.0-cp39-cp39-musllinux_1_1_aarch64.whl", hash = "sha256:8fbf7b61b28b5457693c034e58a01622756d1fd60a80ae13ac5888b1d3e57e80", size = 4469082, upload-time = "2024-04-01T18:09:13.543Z" },
    { url = "https://files.pythonhosted.org/packages/7f/ce/9964a6f611aca4d87af395d8bf1991ce209277ca5da12242b02296882710/pywavelets-1.6.0-cp39-cp39-musllinux_1_1_x86_64.whl", hash = "sha256:f58ddbb0a6cd243928876edfc463b990763a24fb94498607d6fea690e32cca4c", size = 4547619, upload-time = "2024-04-01T18:09:15.689Z" },
    { url = "https://files.pythonhosted.org/packages/c3/46/ce31fab7866c41984a0ed76452c239ecaa3e70d9b32911167dd8e5ac72b4/pywavelets-1.6.0-cp39-cp39-win32.whl", hash = "sha256:42a22e68e345b6de7d387ef752111ab4530c98048d2b4bdac8ceefb078b4ead6", size = 4179812, upload-time = "2024-04-01T18:09:17.481Z" },
    { url = "https://files.pythonhosted.org/packages/5c/17/5da7f90673319b664025ade3e55d68ea2eb53bead6a8aece042a804977f2/pywavelets-1.6.0-cp39-cp39-win_amd64.whl", hash = "sha256:32198de321892743c1a3d1957fe1cd8a8ecc078bfbba6b8f3982518e897271d7", size = 4253407, upload-time = "2024-04-01T18:09:19.155Z" },
]

[[package]]
name = "ruamel-yaml"
version = "0.19.1"
source = { registry = "https://pypi.org/simple" }
sdist = { url = "https://files.pythonhosted.org/packages/c7/3b/ebda527b56beb90cb7652cb1c7e4f91f48649fbcd8d2eb2fb6e77cd3329b/ruamel_yaml-0.19.1.tar.gz", hash = "sha256:53eb66cd27849eff968ebf8f0bf61f46cdac2da1d1f3576dd4ccee9b25c31993", size = 142709, upload-time = "2026-01-02T16:50:31.84Z" }
wheels = [
    { url = "https://files.pythonhosted.org/packages/b8/0c/51f6841f1d84f404f92463fc2b1ba0da357ca1e3db6b7fbda26956c3b82a/ruamel_yaml-0.19.1-py3-none-any.whl", hash = "sha256:27592957fedf6e0b62f281e96effd28043345e0e66001f97683aa9a40c667c93", size = 118102, upload-time = "2026-01-02T16:50:29.201Z" },
]

[[package]]
name = "simpleitk"
version = "2.5.5"
source = { registry = "https://pypi.org/simple" }
sdist = { url = "https://files.pythonhosted.org/packages/28/8f/c21ee6dc4dbede4fc385b5d70703d45f749db2738c7b0c175546f43c9f86/simpleitk-2.5.5.tar.gz", hash = "sha256:254f70febed55868801c89f310e650eb1b87148d82b1d4e3628d8f0181a7f529", size = 2112106, upload-time = "2026-05-13T20:28:15.503Z" }
wheels = [
    { url = "https://files.pythonhosted.org/packages/79/39/b494f7c90a2739369ef04f7f09c67d29a8dd3150fff51b0c2f89111b7f81/simpleitk-2.5.5-cp311-abi3-macosx_10_9_x86_64.whl", hash = "sha256:e831d15f5ea5b0e02ed3a6ac5f2dd34ba0a0eeaa4ebacfb1d970999836b19ee0", size = 42679794, upload-time = "2026-05-13T20:24:49.959Z" },
    { url = "https://files.pythonhosted.org/packages/6e/34/4b3208b35dea488263a5c9f4a464ef20316f663e9e90d5de61349c31b327/simpleitk-2.5.5-cp311-abi3-macosx_11_0_arm64.whl", hash = "sha256:ee87416622cec6ed6b96747a0648c82c6e88f10b6553668ce90736f09ab5a994", size = 38646487, upload-time = "2026-05-13T20:25:09.636Z" },
    { url = "https://files.pythonhosted.org/packages/14/e5/6a77865140278c86a392a85bd2317a1097bd891f54955ebe5db623e4b37c/simpleitk-2.5.5-cp311-abi3-manylinux2014_aarch64.manylinux_2_17_aarch64.whl", hash = "sha256:847f42057d7bf01b5721b107dd3e00d4ee8d514f6f1ff85794ffedacaf4afc53", size = 48082097, upload-time = "2026-05-13T20:25:26.946Z" },
    { url = "https://files.pythonhosted.org/packages/9f/68/ed67a355a62848ee04bb4f01e89d3be871052c2c3ae6d5fc0fb2f6010979/simpleitk-2.5.5-cp311-abi3-manylinux2014_x86_64.manylinux_2_17_x86_64.whl", hash = "sha256:8ace5e392be00d5bec28c87ef1d73016f8ebe671dafffe9e9d045f20b0968033", size = 52778654, upload-time = "2026-05-13T20:25:41.737Z" },
    { url = "https://files.pythonhosted.org/packages/42/ab/3a03de43173749171340ad974636105cb02c780f76055551c874c3df7fff/simpleitk-2.5.5-cp311-abi3-win_amd64.whl", hash = "sha256:a5fcfcfe9242d3d509b254b3213ca0f5db2c15903f2fc375d9ac5d38e57d415d", size = 18920455, upload-time = "2026-05-13T20:25:48.765Z" },
    { url = "https://files.pythonhosted.org/packages/50/84/63e4b0cb0efa0a8813bebe2dc002c0f7cd2ec921cfc75d13d404617a6f02/simpleitk-2.5.5-cp39-cp39-macosx_10_9_x86_64.whl", hash = "sha256:145ce28f5774d852a3e26b72d5d7869fbf781e7b087b3b046277aff0bd8bf05a", size = 42653398, upload-time = "2026-05-13T20:27:31.228Z" },
    { url = "https://files.pythonhosted.org/packages/2e/d2/6eb04621ab07fbe2744184b3dff97005cbe4460ec1f10d6cca5d94051449/simpleitk-2.5.5-cp39-cp39-macosx_11_0_arm64.whl", hash = "sha256:8d9081c25ccc0c8e4f4c17036693bccb5306a1fbcecd77bfbbaed8d432a72b46", size = 38633090, upload-time = "2026-05-13T20:27:45.548Z" },
    { url = "https://files.pythonhosted.org/packages/7a/36/e206ff8c559f443941a5842619efb457f43a2c44e4633d09aaf2ee235d81/simpleitk-2.5.5-cp39-cp39-manylinux2014_aarch64.manylinux_2_17_aarch64.whl", hash = "sha256:6297be31d978b27b84982ce3ca7d3a4e2d95c80bef19fa97f571b953d1f71796", size = 48100855, upload-time = "2026-05-13T20:27:55.277Z" },
    { url = "https://files.pythonhosted.org/packages/87/f3/8431a2511dff45239b908eaf640d73dfbc8d2c7ddebd12ca04abaa115ef7/simpleitk-2.5.5-cp39-cp39-manylinux2014_x86_64.manylinux_2_17_x86_64.whl", hash = "sha256:03eb3f54ce59bd571521d662bdd0da5b5431960d05c8c08934e9dd52fa7ef5e7", size = 52837867, upload-time = "2026-05-13T20:28:06.939Z" },
    { url = "https://files.pythonhosted.org/packages/f9/c6/26e75fb16e3ffe30af5f5047b4755c7fbdd85340df119cd4194c82d4488d/simpleitk-2.5.5-cp39-cp39-win_amd64.whl", hash = "sha256:af6c851dba2e23f951d5e1346890365541d50c8979046f396669ff7692293d14", size = 18873824, upload-time = "2026-05-13T20:28:12.345Z" },
]

[[package]]
name = "six"
version = "1.17.0"
source = { registry = "https://pypi.org/simple" }
sdist = { url = "https://files.pythonhosted.org/packages/94/e7/b2c673351809dca68a0e064b6af791aa332cf192da575fd474ed7d6f16a2/six-1.17.0.tar.gz", hash = "sha256:ff70335d468e7eb6ec65b95b99d3a2836546063f63acc5171de367e834932a81", size = 34031, upload-time = "2024-12-04T17:35:28.174Z" }
wheels = [
    { url = "https://files.pythonhosted.org/packages/b7/ce/149a00dd41f10bc29e5921b496af8b574d8413afcd5e30dfa0ed46c2cc5e/six-1.17.0-py2.py3-none-any.whl", hash = "sha256:4721f391ed90541fddacab5acf947aa0d3dc7d27b2e1e8eda2be8970586c3274", size = 11050, upload-time = "2024-12-04T17:35:26.475Z" },
]

[[package]]
name = "sternum-env-radiomics"
version = "1.0.0"
source = { virtual = "." }
dependencies = [
    { name = "numpy" },
    { name = "pandas" },
    { name = "pyradiomics" },
    { name = "simpleitk" },
    { name = "tqdm" },
]

[package.metadata]
requires-dist = [
    { name = "numpy", specifier = "<2" },
    { name = "pandas", specifier = ">=2.0" },
    { name = "pyradiomics", specifier = "==3.1.0" },
    { name = "simpleitk", specifier = ">=2.3" },
    { name = "tqdm", specifier = ">=4.67" },
]

[[package]]
name = "tqdm"
version = "4.68.4"
source = { registry = "https://pypi.org/simple" }
dependencies = [
    { name = "colorama", marker = "sys_platform == 'win32'" },
]
sdist = { url = "https://files.pythonhosted.org/packages/ae/5f/57ff8b434839e70dab45601284ea413e947a63799891b7553e5960a793a8/tqdm-4.68.4.tar.gz", hash = "sha256:19829c9673638f2a0b8617da4cdcb927e831cd88bcfcb6e78d42a4d1af131520", size = 792418, upload-time = "2026-07-07T09:58:18.369Z" }
wheels = [
    { url = "https://files.pythonhosted.org/packages/22/2a/5e5e750890ada51017d18d0d4c30da696e5b5bd3180947729927628fc3cb/tqdm-4.68.4-py3-none-any.whl", hash = "sha256:5168118b2368f48c561afda8020fd79195b1bdb0bdf8086b88442c267a315dc2", size = 676612, upload-time = "2026-07-07T09:58:16.256Z" },
]

[[package]]
name = "tzdata"
version = "2026.3"
source = { registry = "https://pypi.org/simple" }
sdist = { url = "https://files.pythonhosted.org/packages/92/ff/5a28bdfd8c3ebec42564ac7d0e54ca3db65044a9314a97f9564fa7a1e926/tzdata-2026.3.tar.gz", hash = "sha256:4a1518b8993086a7982523e071643f3c0e5f213e75b21318e78bcabfff9d1415", size = 198674, upload-time = "2026-07-10T08:50:37.887Z" }
wheels = [
    { url = "https://files.pythonhosted.org/packages/e5/6d/b53b99a9f2766d095985947a5782f1702cabb129a34f7a802d7197af832f/tzdata-2026.3-py2.py3-none-any.whl", hash = "sha256:dc096730c87af6cab1b171c9d532be840741ff5d459015e7f6947bd7d7e54931", size = 348168, upload-time = "2026-07-10T08:50:36.46Z" },
]
